
Microsoft Visual Studio Solution File, Format Version 12.00
# Visual Studio Version 17
VisualStudioVersion = 17.0.31410.414
MinimumVisualStudioVersion = 10.0.40219.1
Project("{FAE04EC0-301F-11D3-BF4B-00C04F79EFBC}") = "ChatApp", "ChatApp\ChatApp.csproj", "{FA6CE769-A73E-4CDC-9354-41E94F91828C}"
EndProject
Global
	GlobalSection(SolutionConfigurationPlatforms) = preSolution
		Debug|Any CPU = Debug|Any CPU
		Release|Any CPU = Release|Any CPU
	EndGlobalSection
	GlobalSection(ProjectConfigurationPlatforms) = postSolution
		{FA6CE769-A73E-4CDC-9354-41E94F91828C}.Debug|Any CPU.ActiveCfg = Debug|Any CPU
		{FA6CE769-A73E-4CDC-9354-41E94F91828C}.Debug|Any CPU.Build.0 = Debug|Any CPU
		{FA6CE769-A73E-4CDC-9354-41E94F91828C}.Release|Any CPU.ActiveCfg = Release|Any CPU
		{FA6CE769-A73E-4CDC-9354-41E94F91828C}.Release|Any CPU.Build.0 = Release|Any CPU
	EndGlobalSection
	GlobalSection(SolutionProperties) = preSolution
		HideSolutionNode = FALSE
	EndGlobalSection
	GlobalSection(ExtensibilityGlobals) = postSolution
		SolutionGuid = {4A629F65-A239-44C5-ACAB-5ACF0FC4BD1C}
	EndGlobalSection
EndGlobal
